
Microsoft Visual Studio Solution File, Format Version 12.00
# Visual Studio Version 17
VisualStudioVersion = 17.0.31903.59
MinimumVisualStudioVersion = 10.0.40219.1
Project("{FAE04EC0-301F-11D3-BF4B-00C04F79EFBC}") = "API", "API\API.csproj", "{22AE34BA-718E-4855-B46C-50DEF848CD7F}"
EndProject
Project("{FAE04EC0-301F-11D3-BF4B-00C04F79EFBC}") = "Core", "Core\Core.csproj", "{2BBA4B01-32D9-41E8-AFE8-8DDDECE82A5B}"
EndProject
Project("{FAE04EC0-301F-11D3-BF4B-00C04F79EFBC}") = "Infrastructure", "Infrastructure\Infrastructure.csproj", "{D70C65BC-F2E7-429C-8943-C3F9167D7B94}"
EndProject
Global
	GlobalSection(SolutionConfigurationPlatforms) = preSolution
		Debug|Any CPU = Debug|Any CPU
		Release|Any CPU = Release|Any CPU
	EndGlobalSection
	GlobalSection(SolutionProperties) = preSolution
		HideSolutionNode = FALSE
	EndGlobalSection
	GlobalSection(ProjectConfigurationPlatforms) = postSolution
		{22AE34BA-718E-4855-B46C-50DEF848CD7F}.Debug|Any CPU.ActiveCfg = Debug|Any CPU
		{22AE34BA-718E-4855-B46C-50DEF848CD7F}.Debug|Any CPU.Build.0 = Debug|Any CPU
		{22AE34BA-718E-4855-B46C-50DEF848CD7F}.Release|Any CPU.ActiveCfg = Release|Any CPU
		{22AE34BA-718E-4855-B46C-50DEF848CD7F}.Release|Any CPU.Build.0 = Release|Any CPU
		{2BBA4B01-32D9-41E8-AFE8-8DDDECE82A5B}.Debug|Any CPU.ActiveCfg = Debug|Any CPU
		{2BBA4B01-32D9-41E8-AFE8-8DDDECE82A5B}.Debug|Any CPU.Build.0 = Debug|Any CPU
		{2BBA4B01-32D9-41E8-AFE8-8DDDECE82A5B}.Release|Any CPU.ActiveCfg = Release|Any CPU
		{2BBA4B01-32D9-41E8-AFE8-8DDDECE82A5B}.Release|Any CPU.Build.0 = Release|Any CPU
		{D70C65BC-F2E7-429C-8943-C3F9167D7B94}.Debug|Any CPU.ActiveCfg = Debug|Any CPU
		{D70C65BC-F2E7-429C-8943-C3F9167D7B94}.Debug|Any CPU.Build.0 = Debug|Any CPU
		{D70C65BC-F2E7-429C-8943-C3F9167D7B94}.Release|Any CPU.ActiveCfg = Release|Any CPU
		{D70C65BC-F2E7-429C-8943-C3F9167D7B94}.Release|Any CPU.Build.0 = Release|Any CPU
	EndGlobalSection
EndGlobal
